// !$*UTF8*$!
{
	archiveVersion = 1;
	classes = {
	};
	objectVersion = 46;
	objects = {

/* Begin PBXBuildFile section */
		C103AA7414E812060080A095 /* URLEncoder.m in Sources */ = {isa = PBXBuildFile; fileRef = C103AA7314E812060080A095 /* URLEncoder.m */; };
		C103AA7714E814080080A095 /* WebViewController.m in Sources */ = {isa = PBXBuildFile; fileRef = C103AA7614E814080080A095 /* WebViewController.m */; };
		C103AA8114E837D60080A095 /* icon57.png in Resources */ = {isa = PBXBuildFile; fileRef = C103AA7A14E837D60080A095 /* icon57.png */; };
		C103AA8214E837D60080A095 /* icon72.png in Resources */ = {isa = PBXBuildFile; fileRef = C103AA7B14E837D60080A095 /* icon72.png */; };
		C103AA8314E837D60080A095 /* icon114.png in Resources */ = {isa = PBXBuildFile; fileRef = C103AA7C14E837D60080A095 /* icon114.png */; };
		C103AA8414E837D60080A095 /* mainbg.png in Resources */ = {isa = PBXBuildFile; fileRef = C103AA7D14E837D60080A095 /* mainbg.png */; };
		C103AA8514E837D60080A095 /* mainbg@2x.png in Resources */ = {isa = PBXBuildFile; fileRef = C103AA7E14E837D60080A095 /* mainbg@2x.png */; };
		C103AA8614E837D60080A095 /* navbar.png in Resources */ = {isa = PBXBuildFile; fileRef = C103AA7F14E837D60080A095 /* navbar.png */; };
		C103AA8714E837D60080A095 /* navbar@2x.png in Resources */ = {isa = PBXBuildFile; fileRef = C103AA8014E837D60080A095 /* navbar@2x.png */; };
		C103AAA414E83FAE0080A095 /* backArrow.png in Resources */ = {isa = PBXBuildFile; fileRef = C103AAA014E83FAE0080A095 /* backArrow.png */; };
		C103AAA514E83FAE0080A095 /* backArrow@2x.png in Resources */ = {isa = PBXBuildFile; fileRef = C103AAA114E83FAE0080A095 /* backArrow@2x.png */; };
		C103AAA614E83FAE0080A095 /* forwardArrow.png in Resources */ = {isa = PBXBuildFile; fileRef = C103AAA214E83FAE0080A095 /* forwardArrow.png */; };
		C103AAA714E83FAE0080A095 /* forwardArrow@2x.png in Resources */ = {isa = PBXBuildFile; fileRef = C103AAA314E83FAE0080A095 /* forwardArrow@2x.png */; };
		C18C323F14E7451B00691394 /* StackTableViewController.m in Sources */ = {isa = PBXBuildFile; fileRef = C18C323E14E7451B00691394 /* StackTableViewController.m */; };
		C1B96E8614E730B5003CF665 /* UIKit.framework in Frameworks */ = {isa = PBXBuildFile; fileRef = C1B96E8514E730B5003CF665 /* UIKit.framework */; };
		C1B96E8814E730B5003CF665 /* Foundation.framework in Frameworks */ = {isa = PBXBuildFile; fileRef = C1B96E8714E730B5003CF665 /* Foundation.framework */; };
		C1B96E8A14E730B5003CF665 /* CoreGraphics.framework in Frameworks */ = {isa = PBXBuildFile; fileRef = C1B96E8914E730B5003CF665 /* CoreGraphics.framework */; };
		C1B96E9014E730B5003CF665 /* InfoPlist.strings in Resources */ = {isa = PBXBuildFile; fileRef = C1B96E8E14E730B5003CF665 /* InfoPlist.strings */; };
		C1B96E9214E730B5003CF665 /* main.m in Sources */ = {isa = PBXBuildFile; fileRef = C1B96E9114E730B5003CF665 /* main.m */; };
		C1B96E9614E730B5003CF665 /* AppDelegate.m in Sources */ = {isa = PBXBuildFile; fileRef = C1B96E9514E730B5003CF665 /* AppDelegate.m */; };
		C1B96E9914E730B5003CF665 /* MainStoryboard.storyboard in Resources */ = {isa = PBXBuildFile; fileRef = C1B96E9714E730B5003CF665 /* MainStoryboard.storyboard */; };
		C1B96EA414E7313C003CF665 /* StackNavController.m in Sources */ = {isa = PBXBuildFile; fileRef = C1B96EA314E7313C003CF665 /* StackNavController.m */; };
		C1B96EA714E7320B003CF665 /* SearchPage.m in Sources */ = {isa = PBXBuildFile; fileRef = C1B96EA614E7320B003CF665 /* SearchPage.m */; };
/* End PBXBuildFile section */

/* Begin PBXFileReference section */
		C103AA7214E812060080A095 /* URLEncoder.h */ = {isa = PBXFileReference; fileEncoding = 4; lastKnownFileType = sourcecode.c.h; path = URLEncoder.h; sourceTree = "<group>"; };
		C103AA7314E812060080A095 /* URLEncoder.m */ = {isa = PBXFileReference; fileEncoding = 4; lastKnownFileType = sourcecode.c.objc; path = URLEncoder.m; sourceTree = "<group>"; };
		C103AA7514E814080080A095 /* WebViewController.h */ = {isa = PBXFileReference; fileEncoding = 4; lastKnownFileType = sourcecode.c.h; path = WebViewController.h; sourceTree = "<group>"; };
		C103AA7614E814080080A095 /* WebViewController.m */ = {isa = PBXFileReference; fileEncoding = 4; lastKnownFileType = sourcecode.c.objc; path = WebViewController.m; sourceTree = "<group>"; };
		C103AA7A14E837D60080A095 /* icon57.png */ = {isa = PBXFileReference; lastKnownFileType = image.png; name = icon57.png; path = assets/icon57.png; sourceTree = "<group>"; };
		C103AA7B14E837D60080A095 /* icon72.png */ = {isa = PBXFileReference; lastKnownFileType = image.png; name = icon72.png; path = assets/icon72.png; sourceTree = "<group>"; };
		C103AA7C14E837D60080A095 /* icon114.png */ = {isa = PBXFileReference; lastKnownFileType = image.png; name = icon114.png; path = assets/icon114.png; sourceTree = "<group>"; };
		C103AA7D14E837D60080A095 /* mainbg.png */ = {isa = PBXFileReference; lastKnownFileType = image.png; name = mainbg.png; path = assets/mainbg.png; sourceTree = "<group>"; };
		C103AA7E14E837D60080A095 /* mainbg@2x.png */ = {isa = PBXFileReference; lastKnownFileType = image.png; name = "mainbg@2x.png"; path = "assets/mainbg@2x.png"; sourceTree = "<group>"; };
		C103AA7F14E837D60080A095 /* navbar.png */ = {isa = PBXFileReference; lastKnownFileType = image.png; name = navbar.png; path = assets/navbar.png; sourceTree = "<group>"; };
		C103AA8014E837D60080A095 /* navbar@2x.png */ = {isa = PBXFileReference; lastKnownFileType = image.png; name = "navbar@2x.png"; path = "assets/navbar@2x.png"; sourceTree = "<group>"; };
		C103AAA014E83FAE0080A095 /* backArrow.png */ = {isa = PBXFileReference; lastKnownFileType = image.png; name = backArrow.png; path = assets/backArrow.png; sourceTree = "<group>"; };
		C103AAA114E83FAE0080A095 /* backArrow@2x.png */ = {isa = PBXFileReference; lastKnownFileType = image.png; name = "backArrow@2x.png"; path = "assets/backArrow@2x.png"; sourceTree = "<group>"; };
		C103AAA214E83FAE0080A095 /* forwardArrow.png */ = {isa = PBXFileReference; lastKnownFileType = image.png; name = forwardArrow.png; path = assets/forwardArrow.png; sourceTree = "<group>"; };
		C103AAA314E83FAE0080A095 /* forwardArrow@2x.png */ = {isa = PBXFileReference; lastKnownFileType = image.png; name = "forwardArrow@2x.png"; path = "assets/forwardArrow@2x.png"; sourceTree = "<group>"; };
		C18C323D14E7451B00691394 /* StackTableViewController.h */ = {isa = PBXFileReference; fileEncoding = 4; lastKnownFileType = sourcecode.c.h; path = StackTableViewController.h; sourceTree = "<group>"; };
		C18C323E14E7451B00691394 /* StackTableViewController.m */ = {isa = PBXFileReference; fileEncoding = 4; lastKnownFileType = sourcecode.c.objc; path = StackTableViewController.m; sourceTree = "<group>"; };
		C1B96E8114E730B5003CF665 /* stackio.app */ = {isa = PBXFileReference; explicitFileType = wrapper.application; includeInIndex = 0; path = stackio.app; sourceTree = BUILT_PRODUCTS_DIR; };
		C1B96E8514E730B5003CF665 /* UIKit.framework */ = {isa = PBXFileReference; lastKnownFileType = wrapper.framework; name = UIKit.framework; path = System/Library/Frameworks/UIKit.framework; sourceTree = SDKROOT; };
		C1B96E8714E730B5003CF665 /* Foundation.framework */ = {isa = PBXFileReference; lastKnownFileType = wrapper.framework; name = Foundation.framework; path = System/Library/Frameworks/Foundation.framework; sourceTree = SDKROOT; };
		C1B96E8914E730B5003CF665 /* CoreGraphics.framework */ = {isa = PBXFileReference; lastKnownFileType = wrapper.framework; name = CoreGraphics.framework; path = System/Library/Frameworks/CoreGraphics.framework; sourceTree = SDKROOT; };
		C1B96E8D14E730B5003CF665 /* stackio-Info.plist */ = {isa = PBXFileReference; lastKnownFileType = text.plist.xml; path = "stackio-Info.plist"; sourceTree = "<group>"; };
		C1B96E8F14E730B5003CF665 /* en */ = {isa = PBXFileReference; lastKnownFileType = text.plist.strings; name = en; path = en.lproj/InfoPlist.strings; sourceTree = "<group>"; };
		C1B96E9114E730B5003CF665 /* main.m */ = {isa = PBXFileReference; lastKnownFileType = sourcecode.c.objc; path = main.m; sourceTree = "<group>"; };
		C1B96E9314E730B5003CF665 /* stackio-Prefix.pch */ = {isa = PBXFileReference; lastKnownFileType = sourcecode.c.h; path = "stackio-Prefix.pch"; sourceTree = "<group>"; };
		C1B96E9414E730B5003CF665 /* AppDelegate.h */ = {isa = PBXFileReference; lastKnownFileType = sourcecode.c.h; path = AppDelegate.h; sourceTree = "<group>"; };
		C1B96E9514E730B5003CF665 /* AppDelegate.m */ = {isa = PBXFileReference; lastKnownFileType = sourcecode.c.objc; path = AppDelegate.m; sourceTree = "<group>"; };
		C1B96E9814E730B5003CF665 /* en */ = {isa = PBXFileReference; lastKnownFileType = file.storyboard; name = en; path = en.lproj/MainStoryboard.storyboard; sourceTree = "<group>"; };
		C1B96EA214E7313C003CF665 /* StackNavController.h */ = {isa = PBXFileReference; fileEncoding = 4; lastKnownFileType = sourcecode.c.h; path = StackNavController.h; sourceTree = "<group>"; };
		C1B96EA314E7313C003CF665 /* StackNavController.m */ = {isa = PBXFileReference; fileEncoding = 4; lastKnownFileType = sourcecode.c.objc; path = StackNavController.m; sourceTree = "<group>"; };
		C1B96EA514E7320B003CF665 /* SearchPage.h */ = {isa = PBXFileReference; fileEncoding = 4; lastKnownFileType = sourcecode.c.h; path = SearchPage.h; sourceTree = "<group>"; };
		C1B96EA614E7320B003CF665 /* SearchPage.m */ = {isa = PBXFileReference; fileEncoding = 4; lastKnownFileType = sourcecode.c.objc; path = SearchPage.m; sourceTree = "<group>"; };
/* End PBXFileReference section */

/* Begin PBXFrameworksBuildPhase section */
		C1B96E7E14E730B5003CF665 /* Frameworks */ = {
			isa = PBXFrameworksBuildPhase;
			buildActionMask = 2147483647;
			files = (
				C1B96E8614E730B5003CF665 /* UIKit.framework in Frameworks */,
				C1B96E8814E730B5003CF665 /* Foundation.framework in Frameworks */,
				C1B96E8A14E730B5003CF665 /* CoreGraphics.framework in Frameworks */,
			);
			runOnlyForDeploymentPostprocessing = 0;
		};
/* End PBXFrameworksBuildPhase section */

/* Begin PBXGroup section */
		C103AA7014E811E40080A095 /* libs */ = {
			isa = PBXGroup;
			children = (
				C103AA7214E812060080A095 /* URLEncoder.h */,
				C103AA7314E812060080A095 /* URLEncoder.m */,
			);
			name = libs;
			sourceTree = "<group>";
		};
		C103AA7914E837AC0080A095 /* Images */ = {
			isa = PBXGroup;
			children = (
				C103AAA014E83FAE0080A095 /* backArrow.png */,
				C103AAA114E83FAE0080A095 /* backArrow@2x.png */,
				C103AAA214E83FAE0080A095 /* forwardArrow.png */,
				C103AAA314E83FAE0080A095 /* forwardArrow@2x.png */,
				C103AA7A14E837D60080A095 /* icon57.png */,
				C103AA7B14E837D60080A095 /* icon72.png */,
				C103AA7C14E837D60080A095 /* icon114.png */,
				C103AA7D14E837D60080A095 /* mainbg.png */,
				C103AA7E14E837D60080A095 /* mainbg@2x.png */,
				C103AA7F14E837D60080A095 /* navbar.png */,
				C103AA8014E837D60080A095 /* navbar@2x.png */,
			);
			name = Images;
			path = ..;
			sourceTree = "<group>";
		};
		C1B96E7614E730B5003CF665 = {
			isa = PBXGroup;
			children = (
				C1B96E8B14E730B5003CF665 /* stackio */,
				C1B96E8414E730B5003CF665 /* Frameworks */,
				C1B96E8214E730B5003CF665 /* Products */,
			);
			sourceTree = "<group>";
		};
		C1B96E8214E730B5003CF665 /* Products */ = {
			isa = PBXGroup;
			children = (
				C1B96E8114E730B5003CF665 /* stackio.app */,
			);
			name = Products;
			sourceTree = "<group>";
		};
		C1B96E8414E730B5003CF665 /* Frameworks */ = {
			isa = PBXGroup;
			children = (
				C1B96E8514E730B5003CF665 /* UIKit.framework */,
				C1B96E8714E730B5003CF665 /* Foundation.framework */,
				C1B96E8914E730B5003CF665 /* CoreGraphics.framework */,
			);
			name = Frameworks;
			sourceTree = "<group>";
		};
		C1B96E8B14E730B5003CF665 /* stackio */ = {
			isa = PBXGroup;
			children = (
				C103AA7914E837AC0080A095 /* Images */,
				C103AA7014E811E40080A095 /* libs */,
				C1B96E9414E730B5003CF665 /* AppDelegate.h */,
				C1B96E9514E730B5003CF665 /* AppDelegate.m */,
				C1B96E9714E730B5003CF665 /* MainStoryboard.storyboard */,
				C103AA7514E814080080A095 /* WebViewController.h */,
				C103AA7614E814080080A095 /* WebViewController.m */,
				C1B96EA514E7320B003CF665 /* SearchPage.h */,
				C1B96EA614E7320B003CF665 /* SearchPage.m */,
				C1B96E8C14E730B5003CF665 /* Supporting Files */,
				C1B96EA214E7313C003CF665 /* StackNavController.h */,
				C1B96EA314E7313C003CF665 /* StackNavController.m */,
				C18C323D14E7451B00691394 /* StackTableViewController.h */,
				C18C323E14E7451B00691394 /* StackTableViewController.m */,
			);
			path = stackio;
			sourceTree = "<group>";
		};
		C1B96E8C14E730B5003CF665 /* Supporting Files */ = {
			isa = PBXGroup;
			children = (
				C1B96E8D14E730B5003CF665 /* stackio-Info.plist */,
				C1B96E8E14E730B5003CF665 /* InfoPlist.strings */,
				C1B96E9114E730B5003CF665 /* main.m */,
				C1B96E9314E730B5003CF665 /* stackio-Prefix.pch */,
			);
			name = "Supporting Files";
			sourceTree = "<group>";
		};
/* End PBXGroup section */

/* Begin PBXNativeTarget section */
		C1B96E8014E730B5003CF665 /* stackio */ = {
			isa = PBXNativeTarget;
			buildConfigurationList = C1B96E9F14E730B5003CF665 /* Build configuration list for PBXNativeTarget "stackio" */;
			buildPhases = (
				C1B96E7D14E730B5003CF665 /* Sources */,
				C1B96E7E14E730B5003CF665 /* Frameworks */,
				C1B96E7F14E730B5003CF665 /* Resources */,
			);
			buildRules = (
			);
			dependencies = (
			);
			name = stackio;
			productName = stackio;
			productReference = C1B96E8114E730B5003CF665 /* stackio.app */;
			productType = "com.apple.product-type.application";
		};
/* End PBXNativeTarget section */

/* Begin PBXProject section */
		C1B96E7814E730B5003CF665 /* Project object */ = {
			isa = PBXProject;
			attributes = {
				LastUpgradeCheck = 0420;
				ORGANIZATIONNAME = phawk;
			};
			buildConfigurationList = C1B96E7B14E730B5003CF665 /* Build configuration list for PBXProject "stackio" */;
			compatibilityVersion = "Xcode 3.2";
			developmentRegion = English;
			hasScannedForEncodings = 0;
			knownRegions = (
				en,
			);
			mainGroup = C1B96E7614E730B5003CF665;
			productRefGroup = C1B96E8214E730B5003CF665 /* Products */;
			projectDirPath = "";
			projectRoot = "";
			targets = (
				C1B96E8014E730B5003CF665 /* stackio */,
			);
		};
/* End PBXProject section */

/* Begin PBXResourcesBuildPhase section */
		C1B96E7F14E730B5003CF665 /* Resources */ = {
			isa = PBXResourcesBuildPhase;
			buildActionMask = 2147483647;
			files = (
				C1B96E9014E730B5003CF665 /* InfoPlist.strings in Resources */,
				C1B96E9914E730B5003CF665 /* MainStoryboard.storyboard in Resources */,
				C103AA8114E837D60080A095 /* icon57.png in Resources */,
				C103AA8214E837D60080A095 /* icon72.png in Resources */,
				C103AA8314E837D60080A095 /* icon114.png in Resources */,
				C103AA8414E837D60080A095 /* mainbg.png in Resources */,
				C103AA8514E837D60080A095 /* mainbg@2x.png in Resources */,
				C103AA8614E837D60080A095 /* navbar.png in Resources */,
				C103AA8714E837D60080A095 /* navbar@2x.png in Resources */,
				C103AAA414E83FAE0080A095 /* backArrow.png in Resources */,
				C103AAA514E83FAE0080A095 /* backArrow@2x.png in Resources */,
				C103AAA614E83FAE0080A095 /* forwardArrow.png in Resources */,
				C103AAA714E83FAE0080A095 /* forwardArrow@2x.png in Resources */,
			);
			runOnlyForDeploymentPostprocessing = 0;
		};
/* End PBXResourcesBuildPhase section */

/* Begin PBXSourcesBuildPhase section */
		C1B96E7D14E730B5003CF665 /* Sources */ = {
			isa = PBXSourcesBuildPhase;
			buildActionMask = 2147483647;
			files = (
				C1B96E9214E730B5003CF665 /* main.m in Sources */,
				C1B96E9614E730B5003CF665 /* AppDelegate.m in Sources */,
				C1B96EA414E7313C003CF665 /* StackNavController.m in Sources */,
				C1B96EA714E7320B003CF665 /* SearchPage.m in Sources */,
				C18C323F14E7451B00691394 /* StackTableViewController.m in Sources */,
				C103AA7414E812060080A095 /* URLEncoder.m in Sources */,
				C103AA7714E814080080A095 /* WebViewController.m in Sources */,
			);
			runOnlyForDeploymentPostprocessing = 0;
		};
/* End PBXSourcesBuildPhase section */

/* Begin PBXVariantGroup section */
		C1B96E8E14E730B5003CF665 /* InfoPlist.strings */ = {
			isa = PBXVariantGroup;
			children = (
				C1B96E8F14E730B5003CF665 /* en */,
			);
			name = InfoPlist.strings;
			sourceTree = "<group>";
		};
		C1B96E9714E730B5003CF665 /* MainStoryboard.storyboard */ = {
			isa = PBXVariantGroup;
			children = (
				C1B96E9814E730B5003CF665 /* en */,
			);
			name = MainStoryboard.storyboard;
			sourceTree = "<group>";
		};
/* End PBXVariantGroup section */

/* Begin XCBuildConfiguration section */
		C1B96E9D14E730B5003CF665 /* Debug */ = {
			isa = XCBuildConfiguration;
			buildSettings = {
				ALWAYS_SEARCH_USER_PATHS = NO;
				ARCHS = "$(ARCHS_STANDARD_32_BIT)";
				CLANG_ENABLE_OBJC_ARC = YES;
				"CODE_SIGN_IDENTITY[sdk=iphoneos*]" = "iPhone Developer";
				COPY_PHASE_STRIP = NO;
				GCC_C_LANGUAGE_STANDARD = gnu99;
				GCC_DYNAMIC_NO_PIC = NO;
				GCC_OPTIMIZATION_LEVEL = 0;
				GCC_PREPROCESSOR_DEFINITIONS = (
					"DEBUG=1",
					"$(inherited)",
				);
				GCC_SYMBOLS_PRIVATE_EXTERN = NO;
				GCC_VERSION = com.apple.compilers.llvm.clang.1_0;
				GCC_WARN_ABOUT_MISSING_PROTOTYPES = YES;
				GCC_WARN_ABOUT_RETURN_TYPE = YES;
				GCC_WARN_UNUSED_VARIABLE = YES;
				IPHONEOS_DEPLOYMENT_TARGET = 5.0;
				SDKROOT = iphoneos;
			};
			name = Debug;
		};
		C1B96E9E14E730B5003CF665 /* Release */ = {
			isa = XCBuildConfiguration;
			buildSettings = {
				ALWAYS_SEARCH_USER_PATHS = NO;
				ARCHS = "$(ARCHS_STANDARD_32_BIT)";
				CLANG_ENABLE_OBJC_ARC = YES;
				"CODE_SIGN_IDENTITY[sdk=iphoneos*]" = "iPhone Developer";
				COPY_PHASE_STRIP = YES;
				GCC_C_LANGUAGE_STANDARD = gnu99;
				GCC_VERSION = com.apple.compilers.llvm.clang.1_0;
				GCC_WARN_ABOUT_MISSING_PROTOTYPES = YES;
				GCC_WARN_ABOUT_RETURN_TYPE = YES;
				GCC_WARN_UNUSED_VARIABLE = YES;
				IPHONEOS_DEPLOYMENT_TARGET = 5.0;
				OTHER_CFLAGS = "-DNS_BLOCK_ASSERTIONS=1";
				SDKROOT = iphoneos;
				VALIDATE_PRODUCT = YES;
			};
			name = Release;
		};
		C1B96EA014E730B5003CF665 /* Debug */ = {
			isa = XCBuildConfiguration;
			buildSettings = {
				GCC_PRECOMPILE_PREFIX_HEADER = YES;
				GCC_PREFIX_HEADER = "stackio/stackio-Prefix.pch";
				INFOPLIST_FILE = "stackio/stackio-Info.plist";
				IPHONEOS_DEPLOYMENT_TARGET = 5.0;
				PRODUCT_NAME = "$(TARGET_NAME)";
				WRAPPER_EXTENSION = app;
			};
			name = Debug;
		};
		C1B96EA114E730B5003CF665 /* Release */ = {
			isa = XCBuildConfiguration;
			buildSettings = {
				GCC_PRECOMPILE_PREFIX_HEADER = YES;
				GCC_PREFIX_HEADER = "stackio/stackio-Prefix.pch";
				INFOPLIST_FILE = "stackio/stackio-Info.plist";
				IPHONEOS_DEPLOYMENT_TARGET = 5.0;
				PRODUCT_NAME = "$(TARGET_NAME)";
				WRAPPER_EXTENSION = app;
			};
			name = Release;
		};
/* End XCBuildConfiguration section */

/* Begin XCConfigurationList section */
		C1B96E7B14E730B5003CF665 /* Build configuration list for PBXProject "stackio" */ = {
			isa = XCConfigurationList;
			buildConfigurations = (
				C1B96E9D14E730B5003CF665 /* Debug */,
				C1B96E9E14E730B5003CF665 /* Release */,
			);
			defaultConfigurationIsVisible = 0;
			defaultConfigurationName = Release;
		};
		C1B96E9F14E730B5003CF665 /* Build configuration list for PBXNativeTarget "stackio" */ = {
			isa = XCConfigurationList;
			buildConfigurations = (
				C1B96EA014E730B5003CF665 /* Debug */,
				C1B96EA114E730B5003CF665 /* Release */,
			);
			defaultConfigurationIsVisible = 0;
			defaultConfigurationName = Release;
		};
/* End XCConfigurationList section */
	};
	rootObject = C1B96E7814E730B5003CF665 /* Project object */;
}
